// !$*UTF8*$!
{
	archiveVersion = 1;
	classes = {
	};
	objectVersion = 55;
	objects = {

/* Begin PBXBuildFile section */
		E5705D612858C1D000D25366 /* StoresProvider.swift in Sources */ = {isa = PBXBuildFile; fileRef = E5705D602858C1CF00D25366 /* StoresProvider.swift */; };
		E5705D632858C7D000D25366 /* DeliveryZone.swift in Sources */ = {isa = PBXBuildFile; fileRef = E5705D622858C7D000D25366 /* DeliveryZone.swift */; };
		E5705D652858C80900D25366 /* Polygon.swift in Sources */ = {isa = PBXBuildFile; fileRef = E5705D642858C80900D25366 /* Polygon.swift */; };
		E5705D682858C9F400D25366 /* CGPoint.swift in Sources */ = {isa = PBXBuildFile; fileRef = E5705D672858C9F400D25366 /* CGPoint.swift */; };
		E5705D6B2858CE6100D25366 /* CGPointExtTest.swift in Sources */ = {isa = PBXBuildFile; fileRef = E5705D6A2858CE6100D25366 /* CGPointExtTest.swift */; };
		E5705D6D2858D4EF00D25366 /* StoresSegmentView.swift in Sources */ = {isa = PBXBuildFile; fileRef = E5705D6C2858D4EF00D25366 /* StoresSegmentView.swift */; };
		E587F0422858880900656C48 /* ServerError.swift in Sources */ = {isa = PBXBuildFile; fileRef = E587F0412858880900656C48 /* ServerError.swift */; };
		E59ADC5B285915C4006C87EC /* StoresViewModel.swift in Sources */ = {isa = PBXBuildFile; fileRef = E59ADC5A285915C4006C87EC /* StoresViewModel.swift */; };
		E59ADC5D285923EB006C87EC /* StoreGroupScrollView.swift in Sources */ = {isa = PBXBuildFile; fileRef = E59ADC5C285923EB006C87EC /* StoreGroupScrollView.swift */; };
		E59ADC5F28593264006C87EC /* StoreGroupCellView.swift in Sources */ = {isa = PBXBuildFile; fileRef = E59ADC5E28593264006C87EC /* StoreGroupCellView.swift */; };
		E5B6365A2857DB7500CFD3E0 /* StoreGroup.swift in Sources */ = {isa = PBXBuildFile; fileRef = E5B636592857DB7500CFD3E0 /* StoreGroup.swift */; };
		E5B6365C2857DBDD00CFD3E0 /* Store.swift in Sources */ = {isa = PBXBuildFile; fileRef = E5B6365B2857DBDD00CFD3E0 /* Store.swift */; };
		E5B6365F2857DD8F00CFD3E0 /* WorkingHours.swift in Sources */ = {isa = PBXBuildFile; fileRef = E5B6365E2857DD8F00CFD3E0 /* WorkingHours.swift */; };
		E5B636612857E04300CFD3E0 /* StoreCategory.swift in Sources */ = {isa = PBXBuildFile; fileRef = E5B636602857E04300CFD3E0 /* StoreCategory.swift */; };
		E5B636632857E0EA00CFD3E0 /* RestaurantGroupLayout.swift in Sources */ = {isa = PBXBuildFile; fileRef = E5B636622857E0EA00CFD3E0 /* RestaurantGroupLayout.swift */; };
		E5B636662857E17600CFD3E0 /* Command.swift in Sources */ = {isa = PBXBuildFile; fileRef = E5B636652857E17600CFD3E0 /* Command.swift */; };
		E5B6366E2857E79800CFD3E0 /* MrDonesiTests.swift in Sources */ = {isa = PBXBuildFile; fileRef = E5B6366D2857E79800CFD3E0 /* MrDonesiTests.swift */; };
		E5B636762857E7C900CFD3E0 /* StoreGroupsCommand.swift in Sources */ = {isa = PBXBuildFile; fileRef = E5B636752857E7C900CFD3E0 /* StoreGroupsCommand.swift */; };
		E5B636782857E8CD00CFD3E0 /* StoreGroupsCommandTest.swift in Sources */ = {isa = PBXBuildFile; fileRef = E5B636772857E8CD00CFD3E0 /* StoreGroupsCommandTest.swift */; };
		E5B6367C2857F1A900CFD3E0 /* StoreItemGroup.swift in Sources */ = {isa = PBXBuildFile; fileRef = E5B6367B2857F1A900CFD3E0 /* StoreItemGroup.swift */; };
		E5B6367F2857F21200CFD3E0 /* StoreGroupItem.swift in Sources */ = {isa = PBXBuildFile; fileRef = E5B6367E2857F21200CFD3E0 /* StoreGroupItem.swift */; };
		E5B636812857F2AF00CFD3E0 /* StoreItemOption.swift in Sources */ = {isa = PBXBuildFile; fileRef = E5B636802857F2AF00CFD3E0 /* StoreItemOption.swift */; };
		E5B636832857F3CB00CFD3E0 /* StoreInfoCommand.swift in Sources */ = {isa = PBXBuildFile; fileRef = E5B636822857F3CB00CFD3E0 /* StoreInfoCommand.swift */; };
		E5B636852857F54D00CFD3E0 /* StoreInfoCommandTest.swift in Sources */ = {isa = PBXBuildFile; fileRef = E5B636842857F54D00CFD3E0 /* StoreInfoCommandTest.swift */; };
		E5D81776285B1D9C00EA885D /* MapStoreView.swift in Sources */ = {isa = PBXBuildFile; fileRef = E5D81775285B1D9C00EA885D /* MapStoreView.swift */; };
		E5D81778285B2AD600EA885D /* Date.swift in Sources */ = {isa = PBXBuildFile; fileRef = E5D81777285B2AD600EA885D /* Date.swift */; };
		E5D8177A285B439900EA885D /* MenuGroupHeaderView.swift in Sources */ = {isa = PBXBuildFile; fileRef = E5D81779285B439900EA885D /* MenuGroupHeaderView.swift */; };
		E5D8177C285B463A00EA885D /* MenuItemCellView.swift in Sources */ = {isa = PBXBuildFile; fileRef = E5D8177B285B463A00EA885D /* MenuItemCellView.swift */; };
		E5D8177E285B833300EA885D /* LocationProvider.swift in Sources */ = {isa = PBXBuildFile; fileRef = E5D8177D285B833300EA885D /* LocationProvider.swift */; };
		E5D81780285B8BF500EA885D /* CLPlacemark.swift in Sources */ = {isa = PBXBuildFile; fileRef = E5D8177F285B8BF500EA885D /* CLPlacemark.swift */; };
		E5DDA16B285A88AC00931C08 /* ImagedLabelView.swift in Sources */ = {isa = PBXBuildFile; fileRef = E5DDA16A285A88AC00931C08 /* ImagedLabelView.swift */; };
		E5ECE7E02859BF9600B5ABE0 /* ImageLoader.swift in Sources */ = {isa = PBXBuildFile; fileRef = E5ECE7DF2859BF9600B5ABE0 /* ImageLoader.swift */; };
		E5ECE7E22859D1EA00B5ABE0 /* ImageProvider.swift in Sources */ = {isa = PBXBuildFile; fileRef = E5ECE7E12859D1EA00B5ABE0 /* ImageProvider.swift */; };
		E5ECE7E42859DAE700B5ABE0 /* TagsView.swift in Sources */ = {isa = PBXBuildFile; fileRef = E5ECE7E32859DAE700B5ABE0 /* TagsView.swift */; };
		E5ECE7E62859DC5A00B5ABE0 /* String.swift in Sources */ = {isa = PBXBuildFile; fileRef = E5ECE7E52859DC5A00B5ABE0 /* String.swift */; };
		E5ECE7E82859E30700B5ABE0 /* UIColor.swift in Sources */ = {isa = PBXBuildFile; fileRef = E5ECE7E72859E30700B5ABE0 /* UIColor.swift */; };
		E5ECE7EE2859E50100B5ABE0 /* Nunito-Bold.ttf in Resources */ = {isa = PBXBuildFile; fileRef = E5ECE7EB2859E50100B5ABE0 /* Nunito-Bold.ttf */; };
		E5ECE7EF2859E50100B5ABE0 /* Nunito-Light.ttf in Resources */ = {isa = PBXBuildFile; fileRef = E5ECE7EC2859E50100B5ABE0 /* Nunito-Light.ttf */; };
		E5ECE7F02859E50100B5ABE0 /* Nunito-Medium.ttf in Resources */ = {isa = PBXBuildFile; fileRef = E5ECE7ED2859E50100B5ABE0 /* Nunito-Medium.ttf */; };
		E5ECE7F22859E55E00B5ABE0 /* UIFont.swift in Sources */ = {isa = PBXBuildFile; fileRef = E5ECE7F12859E55E00B5ABE0 /* UIFont.swift */; };
		E5ECE7F42859F01400B5ABE0 /* StoresListHeaderView.swift in Sources */ = {isa = PBXBuildFile; fileRef = E5ECE7F32859F01400B5ABE0 /* StoresListHeaderView.swift */; };
		E5ECE7F62859F32600B5ABE0 /* UIDevice.swift in Sources */ = {isa = PBXBuildFile; fileRef = E5ECE7F52859F32600B5ABE0 /* UIDevice.swift */; };
		E5ECE7F82859F5CC00B5ABE0 /* FileProvider.swift in Sources */ = {isa = PBXBuildFile; fileRef = E5ECE7F72859F5CC00B5ABE0 /* FileProvider.swift */; };
		E5ECE7FA285A1E2800B5ABE0 /* UIImage.swift in Sources */ = {isa = PBXBuildFile; fileRef = E5ECE7F9285A1E2800B5ABE0 /* UIImage.swift */; };
		E5ECE7FC285A2D5600B5ABE0 /* StoreViewController.swift in Sources */ = {isa = PBXBuildFile; fileRef = E5ECE7FB285A2D5600B5ABE0 /* StoreViewController.swift */; };
		E5ECE7FE285A5B8E00B5ABE0 /* StoreViewModel.swift in Sources */ = {isa = PBXBuildFile; fileRef = E5ECE7FD285A5B8E00B5ABE0 /* StoreViewModel.swift */; };
		E5F35E082857D97400290E31 /* AppDelegate.swift in Sources */ = {isa = PBXBuildFile; fileRef = E5F35E072857D97400290E31 /* AppDelegate.swift */; };
		E5F35E0C2857D97400290E31 /* ViewController.swift in Sources */ = {isa = PBXBuildFile; fileRef = E5F35E0B2857D97400290E31 /* ViewController.swift */; };
		E5F35E0F2857D97400290E31 /* Main.storyboard in Resources */ = {isa = PBXBuildFile; fileRef = E5F35E0D2857D97400290E31 /* Main.storyboard */; };
		E5F35E112857D97800290E31 /* Assets.xcassets in Resources */ = {isa = PBXBuildFile; fileRef = E5F35E102857D97800290E31 /* Assets.xcassets */; };
		E5F35E142857D97800290E31 /* LaunchScreen.storyboard in Resources */ = {isa = PBXBuildFile; fileRef = E5F35E122857D97800290E31 /* LaunchScreen.storyboard */; };
		E5F35E1E2857D9FD00290E31 /* StoresViewController.swift in Sources */ = {isa = PBXBuildFile; fileRef = E5F35E1D2857D9FD00290E31 /* StoresViewController.swift */; };
/* End PBXBuildFile section */

/* Begin PBXContainerItemProxy section */
		E5B6366F2857E79800CFD3E0 /* PBXContainerItemProxy */ = {
			isa = PBXContainerItemProxy;
			containerPortal = E5F35DFC2857D97400290E31 /* Project object */;
			proxyType = 1;
			remoteGlobalIDString = E5F35E032857D97400290E31;
			remoteInfo = MrDonesi;
		};
/* End PBXContainerItemProxy section */

/* Begin PBXFileReference section */
		E5705D602858C1CF00D25366 /* StoresProvider.swift */ = {isa = PBXFileReference; lastKnownFileType = sourcecode.swift; path = StoresProvider.swift; sourceTree = "<group>"; };
		E5705D622858C7D000D25366 /* DeliveryZone.swift */ = {isa = PBXFileReference; lastKnownFileType = sourcecode.swift; path = DeliveryZone.swift; sourceTree = "<group>"; };
		E5705D642858C80900D25366 /* Polygon.swift */ = {isa = PBXFileReference; lastKnownFileType = sourcecode.swift; path = Polygon.swift; sourceTree = "<group>"; };
		E5705D672858C9F400D25366 /* CGPoint.swift */ = {isa = PBXFileReference; lastKnownFileType = sourcecode.swift; path = CGPoint.swift; sourceTree = "<group>"; };
		E5705D6A2858CE6100D25366 /* CGPointExtTest.swift */ = {isa = PBXFileReference; lastKnownFileType = sourcecode.swift; path = CGPointExtTest.swift; sourceTree = "<group>"; };
		E5705D6C2858D4EF00D25366 /* StoresSegmentView.swift */ = {isa = PBXFileReference; lastKnownFileType = sourcecode.swift; path = StoresSegmentView.swift; sourceTree = "<group>"; };
		E587F0412858880900656C48 /* ServerError.swift */ = {isa = PBXFileReference; lastKnownFileType = sourcecode.swift; path = ServerError.swift; sourceTree = "<group>"; };
		E59ADC5A285915C4006C87EC /* StoresViewModel.swift */ = {isa = PBXFileReference; lastKnownFileType = sourcecode.swift; path = StoresViewModel.swift; sourceTree = "<group>"; };
		E59ADC5C285923EB006C87EC /* StoreGroupScrollView.swift */ = {isa = PBXFileReference; lastKnownFileType = sourcecode.swift; path = StoreGroupScrollView.swift; sourceTree = "<group>"; };
		E59ADC5E28593264006C87EC /* StoreGroupCellView.swift */ = {isa = PBXFileReference; lastKnownFileType = sourcecode.swift; path = StoreGroupCellView.swift; sourceTree = "<group>"; };
		E5B636592857DB7500CFD3E0 /* StoreGroup.swift */ = {isa = PBXFileReference; lastKnownFileType = sourcecode.swift; path = StoreGroup.swift; sourceTree = "<group>"; };
		E5B6365B2857DBDD00CFD3E0 /* Store.swift */ = {isa = PBXFileReference; lastKnownFileType = sourcecode.swift; path = Store.swift; sourceTree = "<group>"; };
		E5B6365E2857DD8F00CFD3E0 /* WorkingHours.swift */ = {isa = PBXFileReference; lastKnownFileType = sourcecode.swift; path = WorkingHours.swift; sourceTree = "<group>"; };
		E5B636602857E04300CFD3E0 /* StoreCategory.swift */ = {isa = PBXFileReference; lastKnownFileType = sourcecode.swift; path = StoreCategory.swift; sourceTree = "<group>"; };
		E5B636622857E0EA00CFD3E0 /* RestaurantGroupLayout.swift */ = {isa = PBXFileReference; lastKnownFileType = sourcecode.swift; path = RestaurantGroupLayout.swift; sourceTree = "<group>"; };
		E5B636652857E17600CFD3E0 /* Command.swift */ = {isa = PBXFileReference; lastKnownFileType = sourcecode.swift; path = Command.swift; sourceTree = "<group>"; };
		E5B6366B2857E79800CFD3E0 /* MrDonesiTests.xctest */ = {isa = PBXFileReference; explicitFileType = wrapper.cfbundle; includeInIndex = 0; path = MrDonesiTests.xctest; sourceTree = BUILT_PRODUCTS_DIR; };
		E5B6366D2857E79800CFD3E0 /* MrDonesiTests.swift */ = {isa = PBXFileReference; lastKnownFileType = sourcecode.swift; path = MrDonesiTests.swift; sourceTree = "<group>"; };
		E5B636752857E7C900CFD3E0 /* StoreGroupsCommand.swift */ = {isa = PBXFileReference; lastKnownFileType = sourcecode.swift; path = StoreGroupsCommand.swift; sourceTree = "<group>"; };
		E5B636772857E8CD00CFD3E0 /* StoreGroupsCommandTest.swift */ = {isa = PBXFileReference; lastKnownFileType = sourcecode.swift; path = StoreGroupsCommandTest.swift; sourceTree = "<group>"; };
		E5B6367B2857F1A900CFD3E0 /* StoreItemGroup.swift */ = {isa = PBXFileReference; lastKnownFileType = sourcecode.swift; path = StoreItemGroup.swift; sourceTree = "<group>"; };
		E5B6367E2857F21200CFD3E0 /* StoreGroupItem.swift */ = {isa = PBXFileReference; lastKnownFileType = sourcecode.swift; path = StoreGroupItem.swift; sourceTree = "<group>"; };
		E5B636802857F2AF00CFD3E0 /* StoreItemOption.swift */ = {isa = PBXFileReference; lastKnownFileType = sourcecode.swift; path = StoreItemOption.swift; sourceTree = "<group>"; };
		E5B636822857F3CB00CFD3E0 /* StoreInfoCommand.swift */ = {isa = PBXFileReference; lastKnownFileType = sourcecode.swift; path = StoreInfoCommand.swift; sourceTree = "<group>"; };
		E5B636842857F54D00CFD3E0 /* StoreInfoCommandTest.swift */ = {isa = PBXFileReference; lastKnownFileType = sourcecode.swift; path = StoreInfoCommandTest.swift; sourceTree = "<group>"; };
		E5D81775285B1D9C00EA885D /* MapStoreView.swift */ = {isa = PBXFileReference; lastKnownFileType = sourcecode.swift; path = MapStoreView.swift; sourceTree = "<group>"; };
		E5D81777285B2AD600EA885D /* Date.swift */ = {isa = PBXFileReference; lastKnownFileType = sourcecode.swift; path = Date.swift; sourceTree = "<group>"; };
		E5D81779285B439900EA885D /* MenuGroupHeaderView.swift */ = {isa = PBXFileReference; lastKnownFileType = sourcecode.swift; path = MenuGroupHeaderView.swift; sourceTree = "<group>"; };
		E5D8177B285B463A00EA885D /* MenuItemCellView.swift */ = {isa = PBXFileReference; lastKnownFileType = sourcecode.swift; path = MenuItemCellView.swift; sourceTree = "<group>"; };
		E5D8177D285B833300EA885D /* LocationProvider.swift */ = {isa = PBXFileReference; lastKnownFileType = sourcecode.swift; path = LocationProvider.swift; sourceTree = "<group>"; };
		E5D8177F285B8BF500EA885D /* CLPlacemark.swift */ = {isa = PBXFileReference; lastKnownFileType = sourcecode.swift; path = CLPlacemark.swift; sourceTree = "<group>"; };
		E5DDA16A285A88AC00931C08 /* ImagedLabelView.swift */ = {isa = PBXFileReference; lastKnownFileType = sourcecode.swift; path = ImagedLabelView.swift; sourceTree = "<group>"; };
		E5ECE7DF2859BF9600B5ABE0 /* ImageLoader.swift */ = {isa = PBXFileReference; lastKnownFileType = sourcecode.swift; path = ImageLoader.swift; sourceTree = "<group>"; };
		E5ECE7E12859D1EA00B5ABE0 /* ImageProvider.swift */ = {isa = PBXFileReference; lastKnownFileType = sourcecode.swift; path = ImageProvider.swift; sourceTree = "<group>"; };
		E5ECE7E32859DAE700B5ABE0 /* TagsView.swift */ = {isa = PBXFileReference; lastKnownFileType = sourcecode.swift; path = TagsView.swift; sourceTree = "<group>"; };
		E5ECE7E52859DC5A00B5ABE0 /* String.swift */ = {isa = PBXFileReference; lastKnownFileType = sourcecode.swift; path = String.swift; sourceTree = "<group>"; };
		E5ECE7E72859E30700B5ABE0 /* UIColor.swift */ = {isa = PBXFileReference; lastKnownFileType = sourcecode.swift; path = UIColor.swift; sourceTree = "<group>"; };
		E5ECE7EB2859E50100B5ABE0 /* Nunito-Bold.ttf */ = {isa = PBXFileReference; lastKnownFileType = file; path = "Nunito-Bold.ttf"; sourceTree = "<group>"; };
		E5ECE7EC2859E50100B5ABE0 /* Nunito-Light.ttf */ = {isa = PBXFileReference; lastKnownFileType = file; path = "Nunito-Light.ttf"; sourceTree = "<group>"; };
		E5ECE7ED2859E50100B5ABE0 /* Nunito-Medium.ttf */ = {isa = PBXFileReference; lastKnownFileType = file; path = "Nunito-Medium.ttf"; sourceTree = "<group>"; };
		E5ECE7F12859E55E00B5ABE0 /* UIFont.swift */ = {isa = PBXFileReference; lastKnownFileType = sourcecode.swift; path = UIFont.swift; sourceTree = "<group>"; };
		E5ECE7F32859F01400B5ABE0 /* StoresListHeaderView.swift */ = {isa = PBXFileReference; lastKnownFileType = sourcecode.swift; path = StoresListHeaderView.swift; sourceTree = "<group>"; };
		E5ECE7F52859F32600B5ABE0 /* UIDevice.swift */ = {isa = PBXFileReference; lastKnownFileType = sourcecode.swift; path = UIDevice.swift; sourceTree = "<group>"; };
		E5ECE7F72859F5CC00B5ABE0 /* FileProvider.swift */ = {isa = PBXFileReference; lastKnownFileType = sourcecode.swift; path = FileProvider.swift; sourceTree = "<group>"; };
		E5ECE7F9285A1E2800B5ABE0 /* UIImage.swift */ = {isa = PBXFileReference; lastKnownFileType = sourcecode.swift; path = UIImage.swift; sourceTree = "<group>"; };
		E5ECE7FB285A2D5600B5ABE0 /* StoreViewController.swift */ = {isa = PBXFileReference; lastKnownFileType = sourcecode.swift; path = StoreViewController.swift; sourceTree = "<group>"; };
		E5ECE7FD285A5B8E00B5ABE0 /* StoreViewModel.swift */ = {isa = PBXFileReference; lastKnownFileType = sourcecode.swift; path = StoreViewModel.swift; sourceTree = "<group>"; };
		E5F35E042857D97400290E31 /* MrDonesi.app */ = {isa = PBXFileReference; explicitFileType = wrapper.application; includeInIndex = 0; path = MrDonesi.app; sourceTree = BUILT_PRODUCTS_DIR; };
		E5F35E072857D97400290E31 /* AppDelegate.swift */ = {isa = PBXFileReference; lastKnownFileType = sourcecode.swift; path = AppDelegate.swift; sourceTree = "<group>"; };
		E5F35E0B2857D97400290E31 /* ViewController.swift */ = {isa = PBXFileReference; lastKnownFileType = sourcecode.swift; path = ViewController.swift; sourceTree = "<group>"; };
		E5F35E0E2857D97400290E31 /* Base */ = {isa = PBXFileReference; lastKnownFileType = file.storyboard; name = Base; path = Base.lproj/Main.storyboard; sourceTree = "<group>"; };
		E5F35E102857D97800290E31 /* Assets.xcassets */ = {isa = PBXFileReference; lastKnownFileType = folder.assetcatalog; path = Assets.xcassets; sourceTree = "<group>"; };
		E5F35E132857D97800290E31 /* Base */ = {isa = PBXFileReference; lastKnownFileType = file.storyboard; name = Base; path = Base.lproj/LaunchScreen.storyboard; sourceTree = "<group>"; };
		E5F35E152857D97800290E31 /* Info.plist */ = {isa = PBXFileReference; lastKnownFileType = text.plist.xml; path = Info.plist; sourceTree = "<group>"; };
		E5F35E1D2857D9FD00290E31 /* StoresViewController.swift */ = {isa = PBXFileReference; lastKnownFileType = sourcecode.swift; path = StoresViewController.swift; sourceTree = "<group>"; };
/* End PBXFileReference section */

/* Begin PBXFrameworksBuildPhase section */
		E5B636682857E79800CFD3E0 /* Frameworks */ = {
			isa = PBXFrameworksBuildPhase;
			buildActionMask = 2147483647;
			files = (
			);
			runOnlyForDeploymentPostprocessing = 0;
		};
		E5F35E012857D97400290E31 /* Frameworks */ = {
			isa = PBXFrameworksBuildPhase;
			buildActionMask = 2147483647;
			files = (
			);
			runOnlyForDeploymentPostprocessing = 0;
		};
/* End PBXFrameworksBuildPhase section */

/* Begin PBXGroup section */
		E5705D5F2858C1BB00D25366 /* Providers */ = {
			isa = PBXGroup;
			children = (
				E5705D602858C1CF00D25366 /* StoresProvider.swift */,
				E5ECE7E12859D1EA00B5ABE0 /* ImageProvider.swift */,
				E5ECE7F72859F5CC00B5ABE0 /* FileProvider.swift */,
				E5D8177D285B833300EA885D /* LocationProvider.swift */,
			);
			path = Providers;
			sourceTree = "<group>";
		};
		E5705D662858C9E400D25366 /* Extensions */ = {
			isa = PBXGroup;
			children = (
				E5705D672858C9F400D25366 /* CGPoint.swift */,
				E5ECE7E52859DC5A00B5ABE0 /* String.swift */,
				E5ECE7E72859E30700B5ABE0 /* UIColor.swift */,
				E5ECE7F12859E55E00B5ABE0 /* UIFont.swift */,
				E5ECE7F52859F32600B5ABE0 /* UIDevice.swift */,
				E5ECE7F9285A1E2800B5ABE0 /* UIImage.swift */,
				E5D81777285B2AD600EA885D /* Date.swift */,
				E5D8177F285B8BF500EA885D /* CLPlacemark.swift */,
			);
			path = Extensions;
			sourceTree = "<group>";
		};
		E5705D692858CE5200D25366 /* Data */ = {
			isa = PBXGroup;
			children = (
				E5705D6A2858CE6100D25366 /* CGPointExtTest.swift */,
			);
			path = Data;
			sourceTree = "<group>";
		};
		E5B636582857DB5700CFD3E0 /* Data */ = {
			isa = PBXGroup;
			children = (
				E5B636592857DB7500CFD3E0 /* StoreGroup.swift */,
				E5B6365B2857DBDD00CFD3E0 /* Store.swift */,
				E5B6365E2857DD8F00CFD3E0 /* WorkingHours.swift */,
				E5B636602857E04300CFD3E0 /* StoreCategory.swift */,
				E5B636622857E0EA00CFD3E0 /* RestaurantGroupLayout.swift */,
				E5B6367B2857F1A900CFD3E0 /* StoreItemGroup.swift */,
				E5B6367E2857F21200CFD3E0 /* StoreGroupItem.swift */,
				E5B636802857F2AF00CFD3E0 /* StoreItemOption.swift */,
				E5705D622858C7D000D25366 /* DeliveryZone.swift */,
				E5705D642858C80900D25366 /* Polygon.swift */,
			);
			path = Data;
			sourceTree = "<group>";
		};
		E5B636642857E16700CFD3E0 /* Commands */ = {
			isa = PBXGroup;
			children = (
				E5B636652857E17600CFD3E0 /* Command.swift */,
				E5B636752857E7C900CFD3E0 /* StoreGroupsCommand.swift */,
				E5B636822857F3CB00CFD3E0 /* StoreInfoCommand.swift */,
				E587F0412858880900656C48 /* ServerError.swift */,
			);
			path = Commands;
			sourceTree = "<group>";
		};
		E5B6366C2857E79800CFD3E0 /* MrDonesiTests */ = {
			isa = PBXGroup;
			children = (
				E5705D692858CE5200D25366 /* Data */,
				E5B636742857E7A000CFD3E0 /* Commands */,
				E5B6366D2857E79800CFD3E0 /* MrDonesiTests.swift */,
			);
			path = MrDonesiTests;
			sourceTree = "<group>";
		};
		E5B636742857E7A000CFD3E0 /* Commands */ = {
			isa = PBXGroup;
			children = (
				E5B636772857E8CD00CFD3E0 /* StoreGroupsCommandTest.swift */,
				E5B636842857F54D00CFD3E0 /* StoreInfoCommandTest.swift */,
			);
			path = Commands;
			sourceTree = "<group>";
		};
		E5ECE7DE2859BF7F00B5ABE0 /* Tools */ = {
			isa = PBXGroup;
			children = (
				E5ECE7DF2859BF9600B5ABE0 /* ImageLoader.swift */,
			);
			path = Tools;
			sourceTree = "<group>";
		};
		E5ECE7E92859E4C200B5ABE0 /* Resources */ = {
			isa = PBXGroup;
			children = (
				E5ECE7EA2859E4C900B5ABE0 /* Fonts */,
			);
			path = Resources;
			sourceTree = "<group>";
		};
		E5ECE7EA2859E4C900B5ABE0 /* Fonts */ = {
			isa = PBXGroup;
			children = (
				E5ECE7EB2859E50100B5ABE0 /* Nunito-Bold.ttf */,
				E5ECE7EC2859E50100B5ABE0 /* Nunito-Light.ttf */,
				E5ECE7ED2859E50100B5ABE0 /* Nunito-Medium.ttf */,
			);
			path = Fonts;
			sourceTree = "<group>";
		};
		E5F35DFB2857D97400290E31 = {
			isa = PBXGroup;
			children = (
				E5F35E062857D97400290E31 /* MrDonesi */,
				E5B6366C2857E79800CFD3E0 /* MrDonesiTests */,
				E5F35E052857D97400290E31 /* Products */,
			);
			sourceTree = "<group>";
		};
		E5F35E052857D97400290E31 /* Products */ = {
			isa = PBXGroup;
			children = (
				E5F35E042857D97400290E31 /* MrDonesi.app */,
				E5B6366B2857E79800CFD3E0 /* MrDonesiTests.xctest */,
			);
			name = Products;
			sourceTree = "<group>";
		};
		E5F35E062857D97400290E31 /* MrDonesi */ = {
			isa = PBXGroup;
			children = (
				E5ECE7E92859E4C200B5ABE0 /* Resources */,
				E5ECE7DE2859BF7F00B5ABE0 /* Tools */,
				E5705D662858C9E400D25366 /* Extensions */,
				E5B636642857E16700CFD3E0 /* Commands */,
				E5B636582857DB5700CFD3E0 /* Data */,
				E5F35E1C2857D9E900290E31 /* Model */,
				E5F35E1B2857D9E200290E31 /* Views */,
				E5F35E072857D97400290E31 /* AppDelegate.swift */,
				E5F35E0B2857D97400290E31 /* ViewController.swift */,
				E5F35E0D2857D97400290E31 /* Main.storyboard */,
				E5F35E102857D97800290E31 /* Assets.xcassets */,
				E5F35E122857D97800290E31 /* LaunchScreen.storyboard */,
				E5F35E152857D97800290E31 /* Info.plist */,
			);
			path = MrDonesi;
			sourceTree = "<group>";
		};
		E5F35E1B2857D9E200290E31 /* Views */ = {
			isa = PBXGroup;
			children = (
				E5F35E1D2857D9FD00290E31 /* StoresViewController.swift */,
				E5705D6C2858D4EF00D25366 /* StoresSegmentView.swift */,
				E59ADC5C285923EB006C87EC /* StoreGroupScrollView.swift */,
				E59ADC5E28593264006C87EC /* StoreGroupCellView.swift */,
				E5ECE7E32859DAE700B5ABE0 /* TagsView.swift */,
				E5ECE7F32859F01400B5ABE0 /* StoresListHeaderView.swift */,
				E5ECE7FB285A2D5600B5ABE0 /* StoreViewController.swift */,
				E5DDA16A285A88AC00931C08 /* ImagedLabelView.swift */,
				E5D81775285B1D9C00EA885D /* MapStoreView.swift */,
				E5D81779285B439900EA885D /* MenuGroupHeaderView.swift */,
				E5D8177B285B463A00EA885D /* MenuItemCellView.swift */,
			);
			path = Views;
			sourceTree = "<group>";
		};
		E5F35E1C2857D9E900290E31 /* Model */ = {
			isa = PBXGroup;
			children = (
				E5705D5F2858C1BB00D25366 /* Providers */,
				E59ADC5A285915C4006C87EC /* StoresViewModel.swift */,
				E5ECE7FD285A5B8E00B5ABE0 /* StoreViewModel.swift */,
			);
			path = Model;
			sourceTree = "<group>";
		};
/* End PBXGroup section */

/* Begin PBXNativeTarget section */
		E5B6366A2857E79800CFD3E0 /* MrDonesiTests */ = {
			isa = PBXNativeTarget;
			buildConfigurationList = E5B636712857E79800CFD3E0 /* Build configuration list for PBXNativeTarget "MrDonesiTests" */;
			buildPhases = (
				E5B636672857E79800CFD3E0 /* Sources */,
				E5B636682857E79800CFD3E0 /* Frameworks */,
				E5B636692857E79800CFD3E0 /* Resources */,
			);
			buildRules = (
			);
			dependencies = (
				E5B636702857E79800CFD3E0 /* PBXTargetDependency */,
			);
			name = MrDonesiTests;
			productName = MrDonesiTests;
			productReference = E5B6366B2857E79800CFD3E0 /* MrDonesiTests.xctest */;
			productType = "com.apple.product-type.bundle.unit-test";
		};
		E5F35E032857D97400290E31 /* MrDonesi */ = {
			isa = PBXNativeTarget;
			buildConfigurationList = E5F35E182857D97800290E31 /* Build configuration list for PBXNativeTarget "MrDonesi" */;
			buildPhases = (
				E5F35E002857D97400290E31 /* Sources */,
				E5F35E012857D97400290E31 /* Frameworks */,
				E5F35E022857D97400290E31 /* Resources */,
			);
			buildRules = (
			);
			dependencies = (
			);
			name = MrDonesi;
			productName = MrDonesi;
			productReference = E5F35E042857D97400290E31 /* MrDonesi.app */;
			productType = "com.apple.product-type.application";
		};
/* End PBXNativeTarget section */

/* Begin PBXProject section */
		E5F35DFC2857D97400290E31 /* Project object */ = {
			isa = PBXProject;
			attributes = {
				BuildIndependentTargetsInParallel = 1;
				LastSwiftUpdateCheck = 1340;
				LastUpgradeCheck = 1340;
				TargetAttributes = {
					E5B6366A2857E79800CFD3E0 = {
						CreatedOnToolsVersion = 13.4.1;
						TestTargetID = E5F35E032857D97400290E31;
					};
					E5F35E032857D97400290E31 = {
						CreatedOnToolsVersion = 13.4.1;
					};
				};
			};
			buildConfigurationList = E5F35DFF2857D97400290E31 /* Build configuration list for PBXProject "MrDonesi" */;
			compatibilityVersion = "Xcode 13.0";
			developmentRegion = en;
			hasScannedForEncodings = 0;
			knownRegions = (
				en,
				Base,
			);
			mainGroup = E5F35DFB2857D97400290E31;
			productRefGroup = E5F35E052857D97400290E31 /* Products */;
			projectDirPath = "";
			projectRoot = "";
			targets = (
				E5F35E032857D97400290E31 /* MrDonesi */,
				E5B6366A2857E79800CFD3E0 /* MrDonesiTests */,
			);
		};
/* End PBXProject section */

/* Begin PBXResourcesBuildPhase section */
		E5B636692857E79800CFD3E0 /* Resources */ = {
			isa = PBXResourcesBuildPhase;
			buildActionMask = 2147483647;
			files = (
			);
			runOnlyForDeploymentPostprocessing = 0;
		};
		E5F35E022857D97400290E31 /* Resources */ = {
			isa = PBXResourcesBuildPhase;
			buildActionMask = 2147483647;
			files = (
				E5F35E142857D97800290E31 /* LaunchScreen.storyboard in Resources */,
				E5ECE7EF2859E50100B5ABE0 /* Nunito-Light.ttf in Resources */,
				E5ECE7F02859E50100B5ABE0 /* Nunito-Medium.ttf in Resources */,
				E5F35E112857D97800290E31 /* Assets.xcassets in Resources */,
				E5ECE7EE2859E50100B5ABE0 /* Nunito-Bold.ttf in Resources */,
				E5F35E0F2857D97400290E31 /* Main.storyboard in Resources */,
			);
			runOnlyForDeploymentPostprocessing = 0;
		};
/* End PBXResourcesBuildPhase section */

/* Begin PBXSourcesBuildPhase section */
		E5B636672857E79800CFD3E0 /* Sources */ = {
			isa = PBXSourcesBuildPhase;
			buildActionMask = 2147483647;
			files = (
				E5705D6B2858CE6100D25366 /* CGPointExtTest.swift in Sources */,
				E5B636782857E8CD00CFD3E0 /* StoreGroupsCommandTest.swift in Sources */,
				E5B6366E2857E79800CFD3E0 /* MrDonesiTests.swift in Sources */,
				E5B636852857F54D00CFD3E0 /* StoreInfoCommandTest.swift in Sources */,
			);
			runOnlyForDeploymentPostprocessing = 0;
		};
		E5F35E002857D97400290E31 /* Sources */ = {
			isa = PBXSourcesBuildPhase;
			buildActionMask = 2147483647;
			files = (
				E5D8177C285B463A00EA885D /* MenuItemCellView.swift in Sources */,
				E5B636612857E04300CFD3E0 /* StoreCategory.swift in Sources */,
				E5D8177A285B439900EA885D /* MenuGroupHeaderView.swift in Sources */,
				E5ECE7E82859E30700B5ABE0 /* UIColor.swift in Sources */,
				E5B6365F2857DD8F00CFD3E0 /* WorkingHours.swift in Sources */,
				E5ECE7E02859BF9600B5ABE0 /* ImageLoader.swift in Sources */,
				E5ECE7E62859DC5A00B5ABE0 /* String.swift in Sources */,
				E5B636812857F2AF00CFD3E0 /* StoreItemOption.swift in Sources */,
				E5705D632858C7D000D25366 /* DeliveryZone.swift in Sources */,
				E5B6365C2857DBDD00CFD3E0 /* Store.swift in Sources */,
				E5ECE7FE285A5B8E00B5ABE0 /* StoreViewModel.swift in Sources */,
				E59ADC5B285915C4006C87EC /* StoresViewModel.swift in Sources */,
				E5B636662857E17600CFD3E0 /* Command.swift in Sources */,
				E5F35E0C2857D97400290E31 /* ViewController.swift in Sources */,
				E5F35E082857D97400290E31 /* AppDelegate.swift in Sources */,
				E5D81780285B8BF500EA885D /* CLPlacemark.swift in Sources */,
				E5ECE7FA285A1E2800B5ABE0 /* UIImage.swift in Sources */,
				E5B6365A2857DB7500CFD3E0 /* StoreGroup.swift in Sources */,
				E5705D6D2858D4EF00D25366 /* StoresSegmentView.swift in Sources */,
				E5B636832857F3CB00CFD3E0 /* StoreInfoCommand.swift in Sources */,
				E5705D682858C9F400D25366 /* CGPoint.swift in Sources */,
				E5D81776285B1D9C00EA885D /* MapStoreView.swift in Sources */,
				E5DDA16B285A88AC00931C08 /* ImagedLabelView.swift in Sources */,
				E587F0422858880900656C48 /* ServerError.swift in Sources */,
				E5ECE7E22859D1EA00B5ABE0 /* ImageProvider.swift in Sources */,
				E5B6367C2857F1A900CFD3E0 /* StoreItemGroup.swift in Sources */,
				E5B636762857E7C900CFD3E0 /* StoreGroupsCommand.swift in Sources */,
				E5B636632857E0EA00CFD3E0 /* RestaurantGroupLayout.swift in Sources */,
				E5ECE7FC285A2D5600B5ABE0 /* StoreViewController.swift in Sources */,
				E5ECE7F42859F01400B5ABE0 /* StoresListHeaderView.swift in Sources */,
				E5ECE7F62859F32600B5ABE0 /* UIDevice.swift in Sources */,
				E59ADC5F28593264006C87EC /* StoreGroupCellView.swift in Sources */,
				E5ECE7F82859F5CC00B5ABE0 /* FileProvider.swift in Sources */,
				E5ECE7E42859DAE700B5ABE0 /* TagsView.swift in Sources */,
				E5705D612858C1D000D25366 /* StoresProvider.swift in Sources */,
				E5705D652858C80900D25366 /* Polygon.swift in Sources */,
				E5ECE7F22859E55E00B5ABE0 /* UIFont.swift in Sources */,
				E59ADC5D285923EB006C87EC /* StoreGroupScrollView.swift in Sources */,
				E5D81778285B2AD600EA885D /* Date.swift in Sources */,
				E5B6367F2857F21200CFD3E0 /* StoreGroupItem.swift in Sources */,
				E5F35E1E2857D9FD00290E31 /* StoresViewController.swift in Sources */,
				E5D8177E285B833300EA885D /* LocationProvider.swift in Sources */,
			);
			runOnlyForDeploymentPostprocessing = 0;
		};
/* End PBXSourcesBuildPhase section */

/* Begin PBXTargetDependency section */
		E5B636702857E79800CFD3E0 /* PBXTargetDependency */ = {
			isa = PBXTargetDependency;
			target = E5F35E032857D97400290E31 /* MrDonesi */;
			targetProxy = E5B6366F2857E79800CFD3E0 /* PBXContainerItemProxy */;
		};
/* End PBXTargetDependency section */

/* Begin PBXVariantGroup section */
		E5F35E0D2857D97400290E31 /* Main.storyboard */ = {
			isa = PBXVariantGroup;
			children = (
				E5F35E0E2857D97400290E31 /* Base */,
			);
			name = Main.storyboard;
			sourceTree = "<group>";
		};
		E5F35E122857D97800290E31 /* LaunchScreen.storyboard */ = {
			isa = PBXVariantGroup;
			children = (
				E5F35E132857D97800290E31 /* Base */,
			);
			name = LaunchScreen.storyboard;
			sourceTree = "<group>";
		};
/* End PBXVariantGroup section */

/* Begin XCBuildConfiguration section */
		E5B636722857E79800CFD3E0 /* Debug */ = {
			isa = XCBuildConfiguration;
			buildSettings = {
				BUNDLE_LOADER = "$(TEST_HOST)";
				CODE_SIGN_STYLE = Automatic;
				CURRENT_PROJECT_VERSION = 1;
				DEVELOPMENT_TEAM = 4QVDV2N2SB;
				GENERATE_INFOPLIST_FILE = YES;
				MARKETING_VERSION = 1.0;
				PRODUCT_BUNDLE_IDENTIFIER = com.maximsubbotin.MrDonesiTests;
				PRODUCT_NAME = "$(TARGET_NAME)";
				SWIFT_EMIT_LOC_STRINGS = NO;
				SWIFT_VERSION = 5.0;
				TARGETED_DEVICE_FAMILY = "1,2";
				TEST_HOST = "$(BUILT_PRODUCTS_DIR)/MrDonesi.app/MrDonesi";
			};
			name = Debug;
		};
		E5B636732857E79800CFD3E0 /* Release */ = {
			isa = XCBuildConfiguration;
			buildSettings = {
				BUNDLE_LOADER = "$(TEST_HOST)";
				CODE_SIGN_STYLE = Automatic;
				CURRENT_PROJECT_VERSION = 1;
				DEVELOPMENT_TEAM = 4QVDV2N2SB;
				GENERATE_INFOPLIST_FILE = YES;
				MARKETING_VERSION = 1.0;
				PRODUCT_BUNDLE_IDENTIFIER = com.maximsubbotin.MrDonesiTests;
				PRODUCT_NAME = "$(TARGET_NAME)";
				SWIFT_EMIT_LOC_STRINGS = NO;
				SWIFT_VERSION = 5.0;
				TARGETED_DEVICE_FAMILY = "1,2";
				TEST_HOST = "$(BUILT_PRODUCTS_DIR)/MrDonesi.app/MrDonesi";
			};
			name = Release;
		};
		E5F35E162857D97800290E31 /* Debug */ = {
			isa = XCBuildConfiguration;
			buildSettings = {
				ALWAYS_SEARCH_USER_PATHS = NO;
				CLANG_ANALYZER_NONNULL = YES;
				CLANG_ANALYZER_NUMBER_OBJECT_CONVERSION = YES_AGGRESSIVE;
				CLANG_CXX_LANGUAGE_STANDARD = "gnu++17";
				CLANG_ENABLE_MODULES = YES;
				CLANG_ENABLE_OBJC_ARC = YES;
				CLANG_ENABLE_OBJC_WEAK = YES;
				CLANG_WARN_BLOCK_CAPTURE_AUTORELEASING = YES;
				CLANG_WARN_BOOL_CONVERSION = YES;
				CLANG_WARN_COMMA = YES;
				CLANG_WARN_CONSTANT_CONVERSION = YES;
				CLANG_WARN_DEPRECATED_OBJC_IMPLEMENTATIONS = YES;
				CLANG_WARN_DIRECT_OBJC_ISA_USAGE = YES_ERROR;
				CLANG_WARN_DOCUMENTATION_COMMENTS = YES;
				CLANG_WARN_EMPTY_BODY = YES;
				CLANG_WARN_ENUM_CONVERSION = YES;
				CLANG_WARN_INFINITE_RECURSION = YES;
				CLANG_WARN_INT_CONVERSION = YES;
				CLANG_WARN_NON_LITERAL_NULL_CONVERSION = YES;
				CLANG_WARN_OBJC_IMPLICIT_RETAIN_SELF = YES;
				CLANG_WARN_OBJC_LITERAL_CONVERSION = YES;
				CLANG_WARN_OBJC_ROOT_CLASS = YES_ERROR;
				CLANG_WARN_QUOTED_INCLUDE_IN_FRAMEWORK_HEADER = YES;
				CLANG_WARN_RANGE_LOOP_ANALYSIS = YES;
				CLANG_WARN_STRICT_PROTOTYPES = YES;
				CLANG_WARN_SUSPICIOUS_MOVE = YES;
				CLANG_WARN_UNGUARDED_AVAILABILITY = YES_AGGRESSIVE;
				CLANG_WARN_UNREACHABLE_CODE = YES;
				CLANG_WARN__DUPLICATE_METHOD_MATCH = YES;
				COPY_PHASE_STRIP = NO;
				DEBUG_INFORMATION_FORMAT = dwarf;
				ENABLE_STRICT_OBJC_MSGSEND = YES;
				ENABLE_TESTABILITY = YES;
				GCC_C_LANGUAGE_STANDARD = gnu11;
				GCC_DYNAMIC_NO_PIC = NO;
				GCC_NO_COMMON_BLOCKS = YES;
				GCC_OPTIMIZATION_LEVEL = 0;
				GCC_PREPROCESSOR_DEFINITIONS = (
					"DEBUG=1",
					"$(inherited)",
				);
				GCC_WARN_64_TO_32_BIT_CONVERSION = YES;
				GCC_WARN_ABOUT_RETURN_TYPE = YES_ERROR;
				GCC_WARN_UNDECLARED_SELECTOR = YES;
				GCC_WARN_UNINITIALIZED_AUTOS = YES_AGGRESSIVE;
				GCC_WARN_UNUSED_FUNCTION = YES;
				GCC_WARN_UNUSED_VARIABLE = YES;
				IPHONEOS_DEPLOYMENT_TARGET = 15.5;
				MTL_ENABLE_DEBUG_INFO = INCLUDE_SOURCE;
				MTL_FAST_MATH = YES;
				ONLY_ACTIVE_ARCH = YES;
				SDKROOT = iphoneos;
				SWIFT_ACTIVE_COMPILATION_CONDITIONS = DEBUG;
				SWIFT_OPTIMIZATION_LEVEL = "-Onone";
			};
			name = Debug;
		};
		E5F35E172857D97800290E31 /* Release */ = {
			isa = XCBuildConfiguration;
			buildSettings = {
				ALWAYS_SEARCH_USER_PATHS = NO;
				CLANG_ANALYZER_NONNULL = YES;
				CLANG_ANALYZER_NUMBER_OBJECT_CONVERSION = YES_AGGRESSIVE;
				CLANG_CXX_LANGUAGE_STANDARD = "gnu++17";
				CLANG_ENABLE_MODULES = YES;
				CLANG_ENABLE_OBJC_ARC = YES;
				CLANG_ENABLE_OBJC_WEAK = YES;
				CLANG_WARN_BLOCK_CAPTURE_AUTORELEASING = YES;
				CLANG_WARN_BOOL_CONVERSION = YES;
				CLANG_WARN_COMMA = YES;
				CLANG_WARN_CONSTANT_CONVERSION = YES;
				CLANG_WARN_DEPRECATED_OBJC_IMPLEMENTATIONS = YES;
				CLANG_WARN_DIRECT_OBJC_ISA_USAGE = YES_ERROR;
				CLANG_WARN_DOCUMENTATION_COMMENTS = YES;
				CLANG_WARN_EMPTY_BODY = YES;
				CLANG_WARN_ENUM_CONVERSION = YES;
				CLANG_WARN_INFINITE_RECURSION = YES;
				CLANG_WARN_INT_CONVERSION = YES;
				CLANG_WARN_NON_LITERAL_NULL_CONVERSION = YES;
				CLANG_WARN_OBJC_IMPLICIT_RETAIN_SELF = YES;
				CLANG_WARN_OBJC_LITERAL_CONVERSION = YES;
				CLANG_WARN_OBJC_ROOT_CLASS = YES_ERROR;
				CLANG_WARN_QUOTED_INCLUDE_IN_FRAMEWORK_HEADER = YES;
				CLANG_WARN_RANGE_LOOP_ANALYSIS = YES;
				CLANG_WARN_STRICT_PROTOTYPES = YES;
				CLANG_WARN_SUSPICIOUS_MOVE = YES;
				CLANG_WARN_UNGUARDED_AVAILABILITY = YES_AGGRESSIVE;
				CLANG_WARN_UNREACHABLE_CODE = YES;
				CLANG_WARN__DUPLICATE_METHOD_MATCH = YES;
				COPY_PHASE_STRIP = NO;
				DEBUG_INFORMATION_FORMAT = "dwarf-with-dsym";
				ENABLE_NS_ASSERTIONS = NO;
				ENABLE_STRICT_OBJC_MSGSEND = YES;
				GCC_C_LANGUAGE_STANDARD = gnu11;
				GCC_NO_COMMON_BLOCKS = YES;
				GCC_WARN_64_TO_32_BIT_CONVERSION = YES;
				GCC_WARN_ABOUT_RETURN_TYPE = YES_ERROR;
				GCC_WARN_UNDECLARED_SELECTOR = YES;
				GCC_WARN_UNINITIALIZED_AUTOS = YES_AGGRESSIVE;
				GCC_WARN_UNUSED_FUNCTION = YES;
				GCC_WARN_UNUSED_VARIABLE = YES;
				IPHONEOS_DEPLOYMENT_TARGET = 15.5;
				MTL_ENABLE_DEBUG_INFO = NO;
				MTL_FAST_MATH = YES;
				SDKROOT = iphoneos;
				SWIFT_COMPILATION_MODE = wholemodule;
				SWIFT_OPTIMIZATION_LEVEL = "-O";
				VALIDATE_PRODUCT = YES;
			};
			name = Release;
		};
		E5F35E192857D97800290E31 /* Debug */ = {
			isa = XCBuildConfiguration;
			buildSettings = {
				ASSETCATALOG_COMPILER_APPICON_NAME = AppIcon;
				ASSETCATALOG_COMPILER_GLOBAL_ACCENT_COLOR_NAME = AccentColor;
				CODE_SIGN_STYLE = Automatic;
				CURRENT_PROJECT_VERSION = 1;
				DEVELOPMENT_TEAM = 4QVDV2N2SB;
				GENERATE_INFOPLIST_FILE = YES;
				INFOPLIST_FILE = MrDonesi/Info.plist;
				INFOPLIST_KEY_NSLocationAlwaysAndWhenInUseUsageDescription = "I want to know where you live.";
				INFOPLIST_KEY_NSLocationWhenInUseUsageDescription = "I want to know where you live.";
				INFOPLIST_KEY_UIApplicationSupportsIndirectInputEvents = YES;
				INFOPLIST_KEY_UILaunchStoryboardName = LaunchScreen;
				INFOPLIST_KEY_UIMainStoryboardFile = Main;
				INFOPLIST_KEY_UISupportedInterfaceOrientations_iPad = "UIInterfaceOrientationPortrait UIInterfaceOrientationPortraitUpsideDown UIInterfaceOrientationLandscapeLeft UIInterfaceOrientationLandscapeRight";
				INFOPLIST_KEY_UISupportedInterfaceOrientations_iPhone = "UIInterfaceOrientationPortrait UIInterfaceOrientationLandscapeLeft UIInterfaceOrientationLandscapeRight";
				IPHONEOS_DEPLOYMENT_TARGET = 13.0;
				LD_RUNPATH_SEARCH_PATHS = (
					"$(inherited)",
					"@executable_path/Frameworks",
				);
				MARKETING_VERSION = 1.0;
				PRODUCT_BUNDLE_IDENTIFIER = com.maximsubbotin.MrDonesi;
				PRODUCT_NAME = "$(TARGET_NAME)";
				SWIFT_EMIT_LOC_STRINGS = YES;
				SWIFT_VERSION = 5.0;
				TARGETED_DEVICE_FAMILY = "1,2";
			};
			name = Debug;
		};
		E5F35E1A2857D97800290E31 /* Release */ = {
			isa = XCBuildConfiguration;
			buildSettings = {
				ASSETCATALOG_COMPILER_APPICON_NAME = AppIcon;
				ASSETCATALOG_COMPILER_GLOBAL_ACCENT_COLOR_NAME = AccentColor;
				CODE_SIGN_STYLE = Automatic;
				CURRENT_PROJECT_VERSION = 1;
				DEVELOPMENT_TEAM = 4QVDV2N2SB;
				GENERATE_INFOPLIST_FILE = YES;
				INFOPLIST_FILE = MrDonesi/Info.plist;
				INFOPLIST_KEY_NSLocationAlwaysAndWhenInUseUsageDescription = "I want to know where you live.";
				INFOPLIST_KEY_NSLocationWhenInUseUsageDescription = "I want to know where you live.";
				INFOPLIST_KEY_UIApplicationSupportsIndirectInputEvents = YES;
				INFOPLIST_KEY_UILaunchStoryboardName = LaunchScreen;
				INFOPLIST_KEY_UIMainStoryboardFile = Main;
				INFOPLIST_KEY_UISupportedInterfaceOrientations_iPad = "UIInterfaceOrientationPortrait UIInterfaceOrientationPortraitUpsideDown UIInterfaceOrientationLandscapeLeft UIInterfaceOrientationLandscapeRight";
				INFOPLIST_KEY_UISupportedInterfaceOrientations_iPhone = "UIInterfaceOrientationPortrait UIInterfaceOrientationLandscapeLeft UIInterfaceOrientationLandscapeRight";
				IPHONEOS_DEPLOYMENT_TARGET = 13.0;
				LD_RUNPATH_SEARCH_PATHS = (
					"$(inherited)",
					"@executable_path/Frameworks",
				);
				MARKETING_VERSION = 1.0;
				PRODUCT_BUNDLE_IDENTIFIER = com.maximsubbotin.MrDonesi;
				PRODUCT_NAME = "$(TARGET_NAME)";
				SWIFT_EMIT_LOC_STRINGS = YES;
				SWIFT_VERSION = 5.0;
				TARGETED_DEVICE_FAMILY = "1,2";
			};
			name = Release;
		};
/* End XCBuildConfiguration section */

/* Begin XCConfigurationList section */
		E5B636712857E79800CFD3E0 /* Build configuration list for PBXNativeTarget "MrDonesiTests" */ = {
			isa = XCConfigurationList;
			buildConfigurations = (
				E5B636722857E79800CFD3E0 /* Debug */,
				E5B636732857E79800CFD3E0 /* Release */,
			);
			defaultConfigurationIsVisible = 0;
			defaultConfigurationName = Release;
		};
		E5F35DFF2857D97400290E31 /* Build configuration list for PBXProject "MrDonesi" */ = {
			isa = XCConfigurationList;
			buildConfigurations = (
				E5F35E162857D97800290E31 /* Debug */,
				E5F35E172857D97800290E31 /* Release */,
			);
			defaultConfigurationIsVisible = 0;
			defaultConfigurationName = Release;
		};
		E5F35E182857D97800290E31 /* Build configuration list for PBXNativeTarget "MrDonesi" */ = {
			isa = XCConfigurationList;
			buildConfigurations = (
				E5F35E192857D97800290E31 /* Debug */,
				E5F35E1A2857D97800290E31 /* Release */,
			);
			defaultConfigurationIsVisible = 0;
			defaultConfigurationName = Release;
		};
/* End XCConfigurationList section */
	};
	rootObject = E5F35DFC2857D97400290E31 /* Project object */;
}
